// !$*UTF8*$!
{
	archiveVersion = 1;
	classes = {
	};
	objectVersion = 50;
	objects = {

/* Begin PBXBuildFile section */
		BD3398D422DF81D300323F6C /* AppDelegate.m in Sources */ = {isa = PBXBuildFile; fileRef = BD3398D322DF81D300323F6C /* AppDelegate.m */; };
		BD3398D722DF81D300323F6C /* ViewController.m in Sources */ = {isa = PBXBuildFile; fileRef = BD3398D622DF81D300323F6C /* ViewController.m */; };
		BD3398DC22DF81D400323F6C /* Assets.xcassets in Resources */ = {isa = PBXBuildFile; fileRef = BD3398DB22DF81D400323F6C /* Assets.xcassets */; };
		BD3398DF22DF81D400323F6C /* LaunchScreen.storyboard in Resources */ = {isa = PBXBuildFile; fileRef = BD3398DD22DF81D400323F6C /* LaunchScreen.storyboard */; };
		BD3398E222DF81D400323F6C /* main.m in Sources */ = {isa = PBXBuildFile; fileRef = BD3398E122DF81D400323F6C /* main.m */; };
		BD3398E922DF821900323F6C /* Main.storyboard in Resources */ = {isa = PBXBuildFile; fileRef = BD3398E822DF821900323F6C /* Main.storyboard */; };
		BDEDFF0422DF831900CDBB95 /* LSITask.m in Sources */ = {isa = PBXBuildFile; fileRef = BDEDFF0322DF831900CDBB95 /* LSITask.m */; };
		BDEDFF0722DF8A1600CDBB95 /* LSITasksController.m in Sources */ = {isa = PBXBuildFile; fileRef = BDEDFF0622DF8A1600CDBB95 /* LSITasksController.m */; };
		BDEDFF0A22DF92D400CDBB95 /* NSString+DuplicateString.m in Sources */ = {isa = PBXBuildFile; fileRef = BDEDFF0922DF92D400CDBB95 /* NSString+DuplicateString.m */; };
		BDEDFF0D22DF95AF00CDBB95 /* LSITaskDetailViewController.m in Sources */ = {isa = PBXBuildFile; fileRef = BDEDFF0C22DF95AF00CDBB95 /* LSITaskDetailViewController.m */; };
		BDEDFF1022DF984300CDBB95 /* LSITasksTableViewController.m in Sources */ = {isa = PBXBuildFile; fileRef = BDEDFF0F22DF984300CDBB95 /* LSITasksTableViewController.m */; };
/* End PBXBuildFile section */

/* Begin PBXFileReference section */
		BD3398CF22DF81D300323F6C /* iOS6-Tasks-Objc.app */ = {isa = PBXFileReference; explicitFileType = wrapper.application; includeInIndex = 0; path = "iOS6-Tasks-Objc.app"; sourceTree = BUILT_PRODUCTS_DIR; };
		BD3398D222DF81D300323F6C /* AppDelegate.h */ = {isa = PBXFileReference; lastKnownFileType = sourcecode.c.h; path = AppDelegate.h; sourceTree = "<group>"; };
		BD3398D322DF81D300323F6C /* AppDelegate.m */ = {isa = PBXFileReference; lastKnownFileType = sourcecode.c.objc; path = AppDelegate.m; sourceTree = "<group>"; };
		BD3398D522DF81D300323F6C /* ViewController.h */ = {isa = PBXFileReference; lastKnownFileType = sourcecode.c.h; path = ViewController.h; sourceTree = "<group>"; };
		BD3398D622DF81D300323F6C /* ViewController.m */ = {isa = PBXFileReference; lastKnownFileType = sourcecode.c.objc; path = ViewController.m; sourceTree = "<group>"; };
		BD3398DB22DF81D400323F6C /* Assets.xcassets */ = {isa = PBXFileReference; lastKnownFileType = folder.assetcatalog; path = Assets.xcassets; sourceTree = "<group>"; };
		BD3398DE22DF81D400323F6C /* Base */ = {isa = PBXFileReference; lastKnownFileType = file.storyboard; name = Base; path = Base.lproj/LaunchScreen.storyboard; sourceTree = "<group>"; };
		BD3398E022DF81D400323F6C /* Info.plist */ = {isa = PBXFileReference; lastKnownFileType = text.plist.xml; path = Info.plist; sourceTree = "<group>"; };
		BD3398E122DF81D400323F6C /* main.m */ = {isa = PBXFileReference; lastKnownFileType = sourcecode.c.objc; path = main.m; sourceTree = "<group>"; };
		BD3398E822DF821900323F6C /* Main.storyboard */ = {isa = PBXFileReference; fileEncoding = 4; lastKnownFileType = file.storyboard; path = Main.storyboard; sourceTree = "<group>"; };
		BDEDFF0222DF831900CDBB95 /* LSITask.h */ = {isa = PBXFileReference; lastKnownFileType = sourcecode.c.h; path = LSITask.h; sourceTree = "<group>"; };
		BDEDFF0322DF831900CDBB95 /* LSITask.m */ = {isa = PBXFileReference; lastKnownFileType = sourcecode.c.objc; path = LSITask.m; sourceTree = "<group>"; };
		BDEDFF0522DF8A1600CDBB95 /* LSITasksController.h */ = {isa = PBXFileReference; lastKnownFileType = sourcecode.c.h; path = LSITasksController.h; sourceTree = "<group>"; };
		BDEDFF0622DF8A1600CDBB95 /* LSITasksController.m */ = {isa = PBXFileReference; lastKnownFileType = sourcecode.c.objc; path = LSITasksController.m; sourceTree = "<group>"; };
		BDEDFF0822DF92D400CDBB95 /* NSString+DuplicateString.h */ = {isa = PBXFileReference; lastKnownFileType = sourcecode.c.h; path = "NSString+DuplicateString.h"; sourceTree = "<group>"; };
		BDEDFF0922DF92D400CDBB95 /* NSString+DuplicateString.m */ = {isa = PBXFileReference; lastKnownFileType = sourcecode.c.objc; path = "NSString+DuplicateString.m"; sourceTree = "<group>"; };
		BDEDFF0B22DF95AF00CDBB95 /* LSITaskDetailViewController.h */ = {isa = PBXFileReference; lastKnownFileType = sourcecode.c.h; path = LSITaskDetailViewController.h; sourceTree = "<group>"; };
		BDEDFF0C22DF95AF00CDBB95 /* LSITaskDetailViewController.m */ = {isa = PBXFileReference; lastKnownFileType = sourcecode.c.objc; path = LSITaskDetailViewController.m; sourceTree = "<group>"; };
		BDEDFF0E22DF984300CDBB95 /* LSITasksTableViewController.h */ = {isa = PBXFileReference; lastKnownFileType = sourcecode.c.h; path = LSITasksTableViewController.h; sourceTree = "<group>"; };
		BDEDFF0F22DF984300CDBB95 /* LSITasksTableViewController.m */ = {isa = PBXFileReference; lastKnownFileType = sourcecode.c.objc; path = LSITasksTableViewController.m; sourceTree = "<group>"; };
/* End PBXFileReference section */

/* Begin PBXFrameworksBuildPhase section */
		BD3398CC22DF81D300323F6C /* Frameworks */ = {
			isa = PBXFrameworksBuildPhase;
			buildActionMask = 2147483647;
			files = (
			);
			runOnlyForDeploymentPostprocessing = 0;
		};
/* End PBXFrameworksBuildPhase section */

/* Begin PBXGroup section */
		BD3398C622DF81D300323F6C = {
			isa = PBXGroup;
			children = (
				BD3398D122DF81D300323F6C /* iOS6-Tasks-Objc */,
				BD3398D022DF81D300323F6C /* Products */,
			);
			sourceTree = "<group>";
		};
		BD3398D022DF81D300323F6C /* Products */ = {
			isa = PBXGroup;
			children = (
				BD3398CF22DF81D300323F6C /* iOS6-Tasks-Objc.app */,
			);
			name = Products;
			sourceTree = "<group>";
		};
		BD3398D122DF81D300323F6C /* iOS6-Tasks-Objc */ = {
			isa = PBXGroup;
			children = (
				BD3398D222DF81D300323F6C /* AppDelegate.h */,
				BD3398D322DF81D300323F6C /* AppDelegate.m */,
				BD3398D522DF81D300323F6C /* ViewController.h */,
				BD3398D622DF81D300323F6C /* ViewController.m */,
				BDEDFF0522DF8A1600CDBB95 /* LSITasksController.h */,
				BDEDFF0622DF8A1600CDBB95 /* LSITasksController.m */,
				BDEDFF0B22DF95AF00CDBB95 /* LSITaskDetailViewController.h */,
				BDEDFF0C22DF95AF00CDBB95 /* LSITaskDetailViewController.m */,
				BDEDFF0E22DF984300CDBB95 /* LSITasksTableViewController.h */,
				BDEDFF0F22DF984300CDBB95 /* LSITasksTableViewController.m */,
				BDEDFF0822DF92D400CDBB95 /* NSString+DuplicateString.h */,
				BDEDFF0922DF92D400CDBB95 /* NSString+DuplicateString.m */,
				BDEDFF0222DF831900CDBB95 /* LSITask.h */,
				BDEDFF0322DF831900CDBB95 /* LSITask.m */,
				BD3398E822DF821900323F6C /* Main.storyboard */,
				BD3398DB22DF81D400323F6C /* Assets.xcassets */,
				BD3398DD22DF81D400323F6C /* LaunchScreen.storyboard */,
				BD3398E022DF81D400323F6C /* Info.plist */,
				BD3398E122DF81D400323F6C /* main.m */,
			);
			path = "iOS6-Tasks-Objc";
			sourceTree = "<group>";
		};
/* End PBXGroup section */

/* Begin PBXNativeTarget section */
		BD3398CE22DF81D300323F6C /* iOS6-Tasks-Objc */ = {
			isa = PBXNativeTarget;
			buildConfigurationList = BD3398E522DF81D400323F6C /* Build configuration list for PBXNativeTarget "iOS6-Tasks-Objc" */;
			buildPhases = (
				BD3398CB22DF81D300323F6C /* Sources */,
				BD3398CC22DF81D300323F6C /* Frameworks */,
				BD3398CD22DF81D300323F6C /* Resources */,
			);
			buildRules = (
			);
			dependencies = (
			);
			name = "iOS6-Tasks-Objc";
			productName = "iOS6-Tasks-Objc";
			productReference = BD3398CF22DF81D300323F6C /* iOS6-Tasks-Objc.app */;
			productType = "com.apple.product-type.application";
		};
/* End PBXNativeTarget section */

/* Begin PBXProject section */
		BD3398C722DF81D300323F6C /* Project object */ = {
			isa = PBXProject;
			attributes = {
				LastUpgradeCheck = 1020;
				ORGANIZATIONNAME = "Lambda, Inc";
				TargetAttributes = {
					BD3398CE22DF81D300323F6C = {
						CreatedOnToolsVersion = 10.2.1;
					};
				};
			};
			buildConfigurationList = BD3398CA22DF81D300323F6C /* Build configuration list for PBXProject "iOS6-Tasks-Objc" */;
			compatibilityVersion = "Xcode 9.3";
			developmentRegion = en;
			hasScannedForEncodings = 0;
			knownRegions = (
				en,
				Base,
			);
			mainGroup = BD3398C622DF81D300323F6C;
			productRefGroup = BD3398D022DF81D300323F6C /* Products */;
			projectDirPath = "";
			projectRoot = "";
			targets = (
				BD3398CE22DF81D300323F6C /* iOS6-Tasks-Objc */,
			);
		};
/* End PBXProject section */

/* Begin PBXResourcesBuildPhase section */
		BD3398CD22DF81D300323F6C /* Resources */ = {
			isa = PBXResourcesBuildPhase;
			buildActionMask = 2147483647;
			files = (
				BD3398E922DF821900323F6C /* Main.storyboard in Resources */,
				BD3398DF22DF81D400323F6C /* LaunchScreen.storyboard in Resources */,
				BD3398DC22DF81D400323F6C /* Assets.xcassets in Resources */,
			);
			runOnlyForDeploymentPostprocessing = 0;
		};
/* End PBXResourcesBuildPhase section */

/* Begin PBXSourcesBuildPhase section */
		BD3398CB22DF81D300323F6C /* Sources */ = {
			isa = PBXSourcesBuildPhase;
			buildActionMask = 2147483647;
			files = (
				BD3398D722DF81D300323F6C /* ViewController.m in Sources */,
				BD3398E222DF81D400323F6C /* main.m in Sources */,
				BDEDFF0A22DF92D400CDBB95 /* NSString+DuplicateString.m in Sources */,
				BD3398D422DF81D300323F6C /* AppDelegate.m in Sources */,
				BDEDFF0D22DF95AF00CDBB95 /* LSITaskDetailViewController.m in Sources */,
				BDEDFF1022DF984300CDBB95 /* LSITasksTableViewController.m in Sources */,
				BDEDFF0422DF831900CDBB95 /* LSITask.m in Sources */,
				BDEDFF0722DF8A1600CDBB95 /* LSITasksController.m in Sources */,
			);
			runOnlyForDeploymentPostprocessing = 0;
		};
/* End PBXSourcesBuildPhase section */

/* Begin PBXVariantGroup section */
		BD3398DD22DF81D400323F6C /* LaunchScreen.storyboard */ = {
			isa = PBXVariantGroup;
			children = (
				BD3398DE22DF81D400323F6C /* Base */,
			);
			name = LaunchScreen.storyboard;
			sourceTree = "<group>";
		};
/* End PBXVariantGroup section */

/* Begin XCBuildConfiguration section */
		BD3398E322DF81D400323F6C /* Debug */ = {
			isa = XCBuildConfiguration;
			buildSettings = {
				ALWAYS_SEARCH_USER_PATHS = NO;
				CLANG_ANALYZER_NONNULL = YES;
				CLANG_ANALYZER_NUMBER_OBJECT_CONVERSION = YES_AGGRESSIVE;
				CLANG_CXX_LANGUAGE_STANDARD = "gnu++14";
				CLANG_CXX_LIBRARY = "libc++";
				CLANG_ENABLE_MODULES = YES;
				CLANG_ENABLE_OBJC_ARC = YES;
				CLANG_ENABLE_OBJC_WEAK = YES;
				CLANG_WARN_BLOCK_CAPTURE_AUTORELEASING = YES;
				CLANG_WARN_BOOL_CONVERSION = YES;
				CLANG_WARN_COMMA = YES;
				CLANG_WARN_CONSTANT_CONVERSION = YES;
				CLANG_WARN_DEPRECATED_OBJC_IMPLEMENTATIONS = YES;
				CLANG_WARN_DIRECT_OBJC_ISA_USAGE = YES_ERROR;
				CLANG_WARN_DOCUMENTATION_COMMENTS = YES;
				CLANG_WARN_EMPTY_BODY = YES;
				CLANG_WARN_ENUM_CONVERSION = YES;
				CLANG_WARN_INFINITE_RECURSION = YES;
				CLANG_WARN_INT_CONVERSION = YES;
				CLANG_WARN_NON_LITERAL_NULL_CONVERSION = YES;
				CLANG_WARN_OBJC_IMPLICIT_RETAIN_SELF = YES;
				CLANG_WARN_OBJC_LITERAL_CONVERSION = YES;
				CLANG_WARN_OBJC_ROOT_CLASS = YES_ERROR;
				CLANG_WARN_RANGE_LOOP_ANALYSIS = YES;
				CLANG_WARN_STRICT_PROTOTYPES = YES;
				CLANG_WARN_SUSPICIOUS_MOVE = YES;
				CLANG_WARN_UNGUARDED_AVAILABILITY = YES_AGGRESSIVE;
				CLANG_WARN_UNREACHABLE_CODE = YES;
				CLANG_WARN__DUPLICATE_METHOD_MATCH = YES;
				CODE_SIGN_IDENTITY = "iPhone Developer";
				COPY_PHASE_STRIP = NO;
				DEBUG_INFORMATION_FORMAT = dwarf;
				ENABLE_STRICT_OBJC_MSGSEND = YES;
				ENABLE_TESTABILITY = YES;
				GCC_C_LANGUAGE_STANDARD = gnu11;
				GCC_DYNAMIC_NO_PIC = NO;
				GCC_NO_COMMON_BLOCKS = YES;
				GCC_OPTIMIZATION_LEVEL = 0;
				GCC_PREPROCESSOR_DEFINITIONS = (
					"DEBUG=1",
					"$(inherited)",
				);
				GCC_WARN_64_TO_32_BIT_CONVERSION = YES;
				GCC_WARN_ABOUT_RETURN_TYPE = YES_ERROR;
				GCC_WARN_UNDECLARED_SELECTOR = YES;
				GCC_WARN_UNINITIALIZED_AUTOS = YES_AGGRESSIVE;
				GCC_WARN_UNUSED_FUNCTION = YES;
				GCC_WARN_UNUSED_VARIABLE = YES;
				IPHONEOS_DEPLOYMENT_TARGET = 12.2;
				MTL_ENABLE_DEBUG_INFO = INCLUDE_SOURCE;
				MTL_FAST_MATH = YES;
				ONLY_ACTIVE_ARCH = YES;
				SDKROOT = iphoneos;
			};
			name = Debug;
		};
		BD3398E422DF81D400323F6C /* Release */ = {
			isa = XCBuildConfiguration;
			buildSettings = {
				ALWAYS_SEARCH_USER_PATHS = NO;
				CLANG_ANALYZER_NONNULL = YES;
				CLANG_ANALYZER_NUMBER_OBJECT_CONVERSION = YES_AGGRESSIVE;
				CLANG_CXX_LANGUAGE_STANDARD = "gnu++14";
				CLANG_CXX_LIBRARY = "libc++";
				CLANG_ENABLE_MODULES = YES;
				CLANG_ENABLE_OBJC_ARC = YES;
				CLANG_ENABLE_OBJC_WEAK = YES;
				CLANG_WARN_BLOCK_CAPTURE_AUTORELEASING = YES;
				CLANG_WARN_BOOL_CONVERSION = YES;
				CLANG_WARN_COMMA = YES;
				CLANG_WARN_CONSTANT_CONVERSION = YES;
				CLANG_WARN_DEPRECATED_OBJC_IMPLEMENTATIONS = YES;
				CLANG_WARN_DIRECT_OBJC_ISA_USAGE = YES_ERROR;
				CLANG_WARN_DOCUMENTATION_COMMENTS = YES;
				CLANG_WARN_EMPTY_BODY = YES;
				CLANG_WARN_ENUM_CONVERSION = YES;
				CLANG_WARN_INFINITE_RECURSION = YES;
				CLANG_WARN_INT_CONVERSION = YES;
				CLANG_WARN_NON_LITERAL_NULL_CONVERSION = YES;
				CLANG_WARN_OBJC_IMPLICIT_RETAIN_SELF = YES;
				CLANG_WARN_OBJC_LITERAL_CONVERSION = YES;
				CLANG_WARN_OBJC_ROOT_CLASS = YES_ERROR;
				CLANG_WARN_RANGE_LOOP_ANALYSIS = YES;
				CLANG_WARN_STRICT_PROTOTYPES = YES;
				CLANG_WARN_SUSPICIOUS_MOVE = YES;
				CLANG_WARN_UNGUARDED_AVAILABILITY = YES_AGGRESSIVE;
				CLANG_WARN_UNREACHABLE_CODE = YES;
				CLANG_WARN__DUPLICATE_METHOD_MATCH = YES;
				CODE_SIGN_IDENTITY = "iPhone Developer";
				COPY_PHASE_STRIP = NO;
				DEBUG_INFORMATION_FORMAT = "dwarf-with-dsym";
				ENABLE_NS_ASSERTIONS = NO;
				ENABLE_STRICT_OBJC_MSGSEND = YES;
				GCC_C_LANGUAGE_STANDARD = gnu11;
				GCC_NO_COMMON_BLOCKS = YES;
				GCC_WARN_64_TO_32_BIT_CONVERSION = YES;
				GCC_WARN_ABOUT_RETURN_TYPE = YES_ERROR;
				GCC_WARN_UNDECLARED_SELECTOR = YES;
				GCC_WARN_UNINITIALIZED_AUTOS = YES_AGGRESSIVE;
				GCC_WARN_UNUSED_FUNCTION = YES;
				GCC_WARN_UNUSED_VARIABLE = YES;
				IPHONEOS_DEPLOYMENT_TARGET = 12.2;
				MTL_ENABLE_DEBUG_INFO = NO;
				MTL_FAST_MATH = YES;
				SDKROOT = iphoneos;
				VALIDATE_PRODUCT = YES;
			};
			name = Release;
		};
		BD3398E622DF81D400323F6C /* Debug */ = {
			isa = XCBuildConfiguration;
			buildSettings = {
				ASSETCATALOG_COMPILER_APPICON_NAME = AppIcon;
				CODE_SIGN_STYLE = Automatic;
				DEVELOPMENT_TEAM = VXUQXR6S56;
				INFOPLIST_FILE = "iOS6-Tasks-Objc/Info.plist";
				LD_RUNPATH_SEARCH_PATHS = (
					"$(inherited)",
					"@executable_path/Frameworks",
				);
				PRODUCT_BUNDLE_IDENTIFIER = "com.lambdaschool.iOS6-Tasks-Objc";
				PRODUCT_NAME = "$(TARGET_NAME)";
				TARGETED_DEVICE_FAMILY = "1,2";
			};
			name = Debug;
		};
		BD3398E722DF81D400323F6C /* Release */ = {
			isa = XCBuildConfiguration;
			buildSettings = {
				ASSETCATALOG_COMPILER_APPICON_NAME = AppIcon;
				CODE_SIGN_STYLE = Automatic;
				DEVELOPMENT_TEAM = VXUQXR6S56;
				INFOPLIST_FILE = "iOS6-Tasks-Objc/Info.plist";
				LD_RUNPATH_SEARCH_PATHS = (
					"$(inherited)",
					"@executable_path/Frameworks",
				);
				PRODUCT_BUNDLE_IDENTIFIER = "com.lambdaschool.iOS6-Tasks-Objc";
				PRODUCT_NAME = "$(TARGET_NAME)";
				TARGETED_DEVICE_FAMILY = "1,2";
			};
			name = Release;
		};
/* End XCBuildConfiguration section */

/* Begin XCConfigurationList section */
		BD3398CA22DF81D300323F6C /* Build configuration list for PBXProject "iOS6-Tasks-Objc" */ = {
			isa = XCConfigurationList;
			buildConfigurations = (
				BD3398E322DF81D400323F6C /* Debug */,
				BD3398E422DF81D400323F6C /* Release */,
			);
			defaultConfigurationIsVisible = 0;
			defaultConfigurationName = Release;
		};
		BD3398E522DF81D400323F6C /* Build configuration list for PBXNativeTarget "iOS6-Tasks-Objc" */ = {
			isa = XCConfigurationList;
			buildConfigurations = (
				BD3398E622DF81D400323F6C /* Debug */,
				BD3398E722DF81D400323F6C /* Release */,
			);
			defaultConfigurationIsVisible = 0;
			defaultConfigurationName = Release;
		};
/* End XCConfigurationList section */
	};
	rootObject = BD3398C722DF81D300323F6C /* Project object */;
}
